
Microsoft Visual Studio Solution File, Format Version 12.00
Project("{FAE04EC0-301F-11D3-BF4B-00C04F79EFBC}") = "ToDo List", "ToDo List\ToDo List.csproj", "{D6087788-DCF9-43FD-9D52-44FEA719AF02}"
EndProject
Project("{FAE04EC0-301F-11D3-BF4B-00C04F79EFBC}") = "TestToDoList", "TestToDoList\TestToDoList.csproj", "{5CC51413-CFDF-4FAA-A68B-E111053ED020}"
EndProject
Global
	GlobalSection(SolutionConfigurationPlatforms) = preSolution
		Debug|Any CPU = Debug|Any CPU
		Release|Any CPU = Release|Any CPU
	EndGlobalSection
	GlobalSection(ProjectConfigurationPlatforms) = postSolution
		{D6087788-DCF9-43FD-9D52-44FEA719AF02}.Debug|Any CPU.ActiveCfg = Debug|Any CPU
		{D6087788-DCF9-43FD-9D52-44FEA719AF02}.Debug|Any CPU.Build.0 = Debug|Any CPU
		{D6087788-DCF9-43FD-9D52-44FEA719AF02}.Release|Any CPU.ActiveCfg = Release|Any CPU
		{D6087788-DCF9-43FD-9D52-44FEA719AF02}.Release|Any CPU.Build.0 = Release|Any CPU
		{5CC51413-CFDF-4FAA-A68B-E111053ED020}.Debug|Any CPU.ActiveCfg = Debug|Any CPU
		{5CC51413-CFDF-4FAA-A68B-E111053ED020}.Debug|Any CPU.Build.0 = Debug|Any CPU
		{5CC51413-CFDF-4FAA-A68B-E111053ED020}.Release|Any CPU.ActiveCfg = Release|Any CPU
		{5CC51413-CFDF-4FAA-A68B-E111053ED020}.Release|Any CPU.Build.0 = Release|Any CPU
	EndGlobalSection
EndGlobal
