
Microsoft Visual Studio Solution File, Format Version 12.00
Project("{FAE04EC0-301F-11D3-BF4B-00C04F79EFBC}") = "Exercisim", "Exercisim\Exercisim.csproj", "{BFE7B380-E19F-471A-82C1-8F6032DAE179}"
EndProject
Project("{FAE04EC0-301F-11D3-BF4B-00C04F79EFBC}") = "Elons Toys", "Elons Toys\Elons Toys.csproj", "{5C5A15E2-189E-46ED-AD7E-519593323277}"
EndProject
Global
	GlobalSection(SolutionConfigurationPlatforms) = preSolution
		Debug|Any CPU = Debug|Any CPU
		Release|Any CPU = Release|Any CPU
	EndGlobalSection
	GlobalSection(ProjectConfigurationPlatforms) = postSolution
		{BFE7B380-E19F-471A-82C1-8F6032DAE179}.Debug|Any CPU.ActiveCfg = Debug|Any CPU
		{BFE7B380-E19F-471A-82C1-8F6032DAE179}.Debug|Any CPU.Build.0 = Debug|Any CPU
		{BFE7B380-E19F-471A-82C1-8F6032DAE179}.Release|Any CPU.ActiveCfg = Release|Any CPU
		{BFE7B380-E19F-471A-82C1-8F6032DAE179}.Release|Any CPU.Build.0 = Release|Any CPU
		{5C5A15E2-189E-46ED-AD7E-519593323277}.Debug|Any CPU.ActiveCfg = Debug|Any CPU
		{5C5A15E2-189E-46ED-AD7E-519593323277}.Debug|Any CPU.Build.0 = Debug|Any CPU
		{5C5A15E2-189E-46ED-AD7E-519593323277}.Release|Any CPU.ActiveCfg = Release|Any CPU
		{5C5A15E2-189E-46ED-AD7E-519593323277}.Release|Any CPU.Build.0 = Release|Any CPU
	EndGlobalSection
EndGlobal
